
Microsoft Visual Studio Solution File, Format Version 12.00
# Visual Studio Version 16
VisualStudioVersion = 16.0.29319.158
MinimumVisualStudioVersion = 10.0.40219.1
Project("{9A19103F-16F7-4668-BE54-9A1E7A4F7556}") = "Nucs.Essentials", "src\Nucs.Essentials\Nucs.Essentials.csproj", "{34C0FACD-F3D9-400C-8945-554DD6B0819A}"
EndProject
Project("{2150E333-8FDC-42A3-9474-1A3956D46DE8}") = "src", "src", "{6ED356A7-8B47-4613-AD01-C85CF28491BD}"
EndProject
Project("{2150E333-8FDC-42A3-9474-1A3956D46DE8}") = "tests", "tests", "{664D406C-2F83-48F0-BFC3-408D5CB53C65}"
EndProject
Project("{FAE04EC0-301F-11D3-BF4B-00C04F79EFBC}") = "Nucs.Essentials.UnitTests", "tests\Nucs.Essentials.UnitTests\Nucs.Essentials.UnitTests.csproj", "{65C1ABD6-587B-467F-A9CC-0899AC6250F3}"
EndProject
Project("{FAE04EC0-301F-11D3-BF4B-00C04F79EFBC}") = "Nucs.Essentials.Benchmarks", "benchmark\Nucs.Essentials.Benchmarks\Nucs.Essentials.Benchmarks.csproj", "{AF0FB53B-5D1E-4748-812D-74D15E318C72}"
EndProject
Project("{2150E333-8FDC-42A3-9474-1A3956D46DE8}") = "benchmark", "benchmark", "{315B1620-0173-4587-82E3-8DBD846374E3}"
EndProject
Project("{FAE04EC0-301F-11D3-BF4B-00C04F79EFBC}") = "Nucs.Essentials.Experimental", "Nucs.Essentials.Experimental\Nucs.Essentials.Experimental.csproj", "{BAB3962C-3EC8-4472-A4A9-4ECBBD8B9D7C}"
EndProject
Project("{FAE04EC0-301F-11D3-BF4B-00C04F79EFBC}") = "Nucs.Optimization", "Nucs.Optimization\Nucs.Optimization.csproj", "{D165C794-3DA8-403D-B2D5-1D9241F96063}"
EndProject
Global
	GlobalSection(SolutionConfigurationPlatforms) = preSolution
		Debug|Any CPU = Debug|Any CPU
		Release|Any CPU = Release|Any CPU
	EndGlobalSection
	GlobalSection(ProjectConfigurationPlatforms) = postSolution
		{34C0FACD-F3D9-400C-8945-554DD6B0819A}.Debug|Any CPU.ActiveCfg = Debug|Any CPU
		{34C0FACD-F3D9-400C-8945-554DD6B0819A}.Debug|Any CPU.Build.0 = Debug|Any CPU
		{34C0FACD-F3D9-400C-8945-554DD6B0819A}.Release|Any CPU.ActiveCfg = Release|Any CPU
		{34C0FACD-F3D9-400C-8945-554DD6B0819A}.Release|Any CPU.Build.0 = Release|Any CPU
		{65C1ABD6-587B-467F-A9CC-0899AC6250F3}.Debug|Any CPU.ActiveCfg = Debug|Any CPU
		{65C1ABD6-587B-467F-A9CC-0899AC6250F3}.Debug|Any CPU.Build.0 = Debug|Any CPU
		{65C1ABD6-587B-467F-A9CC-0899AC6250F3}.Release|Any CPU.ActiveCfg = Release|Any CPU
		{65C1ABD6-587B-467F-A9CC-0899AC6250F3}.Release|Any CPU.Build.0 = Release|Any CPU
		{AF0FB53B-5D1E-4748-812D-74D15E318C72}.Debug|Any CPU.ActiveCfg = Debug|Any CPU
		{AF0FB53B-5D1E-4748-812D-74D15E318C72}.Debug|Any CPU.Build.0 = Debug|Any CPU
		{AF0FB53B-5D1E-4748-812D-74D15E318C72}.Release|Any CPU.ActiveCfg = Release|Any CPU
		{AF0FB53B-5D1E-4748-812D-74D15E318C72}.Release|Any CPU.Build.0 = Release|Any CPU
		{BAB3962C-3EC8-4472-A4A9-4ECBBD8B9D7C}.Debug|Any CPU.ActiveCfg = Debug|Any CPU
		{BAB3962C-3EC8-4472-A4A9-4ECBBD8B9D7C}.Debug|Any CPU.Build.0 = Debug|Any CPU
		{BAB3962C-3EC8-4472-A4A9-4ECBBD8B9D7C}.Release|Any CPU.ActiveCfg = Release|Any CPU
		{BAB3962C-3EC8-4472-A4A9-4ECBBD8B9D7C}.Release|Any CPU.Build.0 = Release|Any CPU
		{D165C794-3DA8-403D-B2D5-1D9241F96063}.Debug|Any CPU.ActiveCfg = Debug|Any CPU
		{D165C794-3DA8-403D-B2D5-1D9241F96063}.Debug|Any CPU.Build.0 = Debug|Any CPU
		{D165C794-3DA8-403D-B2D5-1D9241F96063}.Release|Any CPU.ActiveCfg = Release|Any CPU
		{D165C794-3DA8-403D-B2D5-1D9241F96063}.Release|Any CPU.Build.0 = Release|Any CPU
	EndGlobalSection
	GlobalSection(SolutionProperties) = preSolution
		HideSolutionNode = FALSE
	EndGlobalSection
	GlobalSection(NestedProjects) = preSolution
		{34C0FACD-F3D9-400C-8945-554DD6B0819A} = {6ED356A7-8B47-4613-AD01-C85CF28491BD}
		{65C1ABD6-587B-467F-A9CC-0899AC6250F3} = {664D406C-2F83-48F0-BFC3-408D5CB53C65}
		{AF0FB53B-5D1E-4748-812D-74D15E318C72} = {315B1620-0173-4587-82E3-8DBD846374E3}
	EndGlobalSection
	GlobalSection(ExtensibilityGlobals) = postSolution
		SolutionGuid = {3CB609D9-5D54-4C11-A371-DAAC8B74E430}
	EndGlobalSection
EndGlobal
